
Microsoft Visual Studio Solution File, Format Version 12.00
# Visual Studio Version 16
VisualStudioVersion = 16.0.30413.136
MinimumVisualStudioVersion = 10.0.40219.1
Project("{8BC9CEB8-8B4A-11D0-8D11-00A0C91BC942}") = "OpenGL Lesson", "OpenGL Lesson\OpenGL Lesson.vcxproj", "{ACAD3DEB-0A5C-4EFB-B04C-DE8519F8F4FC}"
EndProject
Global
	GlobalSection(SolutionConfigurationPlatforms) = preSolution
		Debug|x64 = Debug|x64
		Debug|x86 = Debug|x86
		Release|x64 = Release|x64
		Release|x86 = Release|x86
	EndGlobalSection
	GlobalSection(ProjectConfigurationPlatforms) = postSolution
		{ACAD3DEB-0A5C-4EFB-B04C-DE8519F8F4FC}.Debug|x64.ActiveCfg = Debug|x64
		{ACAD3DEB-0A5C-4EFB-B04C-DE8519F8F4FC}.Debug|x64.Build.0 = Debug|x64
		{ACAD3DEB-0A5C-4EFB-B04C-DE8519F8F4FC}.Debug|x86.ActiveCfg = Debug|Win32
		{ACAD3DEB-0A5C-4EFB-B04C-DE8519F8F4FC}.Debug|x86.Build.0 = Debug|Win32
		{ACAD3DEB-0A5C-4EFB-B04C-DE8519F8F4FC}.Release|x64.ActiveCfg = Release|x64
		{ACAD3DEB-0A5C-4EFB-B04C-DE8519F8F4FC}.Release|x64.Build.0 = Release|x64
		{ACAD3DEB-0A5C-4EFB-B04C-DE8519F8F4FC}.Release|x86.ActiveCfg = Release|Win32
		{ACAD3DEB-0A5C-4EFB-B04C-DE8519F8F4FC}.Release|x86.Build.0 = Release|Win32
	EndGlobalSection
	GlobalSection(SolutionProperties) = preSolution
		HideSolutionNode = FALSE
	EndGlobalSection
	GlobalSection(ExtensibilityGlobals) = postSolution
		SolutionGuid = {E1ABCEDF-2BD3-412A-B8E0-A9534B5E82EC}
	EndGlobalSection
EndGlobal
